
Microsoft Visual Studio Solution File, Format Version 12.00
# Visual Studio 15
VisualStudioVersion = 15.0.27428.2037
MinimumVisualStudioVersion = 10.0.40219.1
Project("{FAE04EC0-301F-11D3-BF4B-00C04F79EFBC}") = "Life On Mars", "Life On Mars\Life On Mars.csproj", "{05814E0E-8527-463F-90D8-BD26F8F7E581}"
EndProject
Global
	GlobalSection(SolutionConfigurationPlatforms) = preSolution
		Debug|Any CPU = Debug|Any CPU
		Release|Any CPU = Release|Any CPU
	EndGlobalSection
	GlobalSection(ProjectConfigurationPlatforms) = postSolution
		{05814E0E-8527-463F-90D8-BD26F8F7E581}.Debug|Any CPU.ActiveCfg = Debug|Any CPU
		{05814E0E-8527-463F-90D8-BD26F8F7E581}.Debug|Any CPU.Build.0 = Debug|Any CPU
		{05814E0E-8527-463F-90D8-BD26F8F7E581}.Release|Any CPU.ActiveCfg = Release|Any CPU
		{05814E0E-8527-463F-90D8-BD26F8F7E581}.Release|Any CPU.Build.0 = Release|Any CPU
	EndGlobalSection
	GlobalSection(SolutionProperties) = preSolution
		HideSolutionNode = FALSE
	EndGlobalSection
	GlobalSection(ExtensibilityGlobals) = postSolution
		SolutionGuid = {99F9F8B4-48D3-48C5-88DF-A8EC3D730105}
	EndGlobalSection
EndGlobal
